lockfileVersion: '6.0'

dependencies:
  polished:
    specifier: ^4.2.2
    version: 4.2.2

devDependencies:
  eslint-config-custom:
    specifier: workspace:*
    version: link:../../../rhyme_guidebookBAK/packages/eslint-config-custom
  tsconfig:
    specifier: workspace:*
    version: link:../../../rhyme_guidebookBAK/packages/tsconfig

packages:

  /@babel/runtime@7.21.5:
    resolution: {integrity: sha512-8jI69toZqqcsnqGGqwGS4Qb1VwLOEp4hz+CXPywcvjs60u3B4Pom/U/7rm4W8tMOYEB+E9wgD0mW1l3r8qlI9Q==}
    engines: {node: '>=6.9.0'}
    dependencies:
      regenerator-runtime: 0.13.11
    dev: false

  /polished@4.2.2:
    resolution: {integrity: sha512-Sz2Lkdxz6F2Pgnpi9U5Ng/WdWAUZxmHrNPoVlm3aAemxoy2Qy7LGjQg4uf8qKelDAUW94F4np3iH2YPf2qefcQ==}
    engines: {node: '>=10'}
    dependencies:
      '@babel/runtime': 7.21.5
    dev: false

  /regenerator-runtime@0.13.11:
    resolution: {integrity: sha512-kY1AZVr2Ra+t+piVaJ4gxaFaReZVH40AKNo7UCX6W+dEwBo/2oZJzqfuN1qLq1oL45o56cPaTXELwrTh8Fpggg==}
    dev: false
